
Microsoft Visual Studio Solution File, Format Version 12.00
# Visual Studio Version 16
VisualStudioVersion = 16.0.31624.102
MinimumVisualStudioVersion = 10.0.40219.1
Project("{FAE04EC0-301F-11D3-BF4B-00C04F79EFBC}") = "EY4J5D_HFT_20211221.Client", "EY4J5D_HFT_20211221.Client\EY4J5D_HFT_20211221.Client.csproj", "{7FD6EE21-B80D-4B18-97AD-756003E5E79B}"
EndProject
Project("{FAE04EC0-301F-11D3-BF4B-00C04F79EFBC}") = "EY4J5D_HFT_20211221.Models", "EY4J5D_HFT_20211221.Models\EY4J5D_HFT_20211221.Models.csproj", "{7DE74A0B-8EA4-4E48-857E-EB091826FF97}"
EndProject
Project("{FAE04EC0-301F-11D3-BF4B-00C04F79EFBC}") = "EY4J5D_HFT_20211221.Data", "EY4J5D_HFT_20211221.Data\EY4J5D_HFT_20211221.Data.csproj", "{E15E8083-FF3C-4CAB-BC1F-BB7F4BF65875}"
EndProject
Project("{FAE04EC0-301F-11D3-BF4B-00C04F79EFBC}") = "EY4J5D_HFT_20211221.Logic", "EY4J5D_HFT_20211221.Logic\EY4J5D_HFT_20211221.Logic.csproj", "{B582604E-9FDE-4C86-9BD6-0BDA497EC9A8}"
EndProject
Project("{FAE04EC0-301F-11D3-BF4B-00C04F79EFBC}") = "EY4J5D_HFT_20211221.Repository", "EY4J5D_HFT_20211221.Repository\EY4J5D_HFT_20211221.Repository.csproj", "{452EAF34-765A-4E5A-9B35-B9BB217F6C3C}"
EndProject
Project("{FAE04EC0-301F-11D3-BF4B-00C04F79EFBC}") = "EY4J5D_HFT_20211221.Endpoint", "EY4J5D_HFT_20211221.Endpoint\EY4J5D_HFT_20211221.Endpoint.csproj", "{59272140-AC0E-4206-A358-C96788039DDE}"
EndProject
Project("{FAE04EC0-301F-11D3-BF4B-00C04F79EFBC}") = "EY4J5D_HFT_20211221.Test", "EY4J5D_HFT_20211221.Test\EY4J5D_HFT_20211221.Test.csproj", "{B932EBAA-1A59-436F-98F2-BF79A66F3707}"
EndProject
Global
	GlobalSection(SolutionConfigurationPlatforms) = preSolution
		Debug|Any CPU = Debug|Any CPU
		Release|Any CPU = Release|Any CPU
	EndGlobalSection
	GlobalSection(ProjectConfigurationPlatforms) = postSolution
		{7FD6EE21-B80D-4B18-97AD-756003E5E79B}.Debug|Any CPU.ActiveCfg = Debug|Any CPU
		{7FD6EE21-B80D-4B18-97AD-756003E5E79B}.Debug|Any CPU.Build.0 = Debug|Any CPU
		{7FD6EE21-B80D-4B18-97AD-756003E5E79B}.Release|Any CPU.ActiveCfg = Release|Any CPU
		{7FD6EE21-B80D-4B18-97AD-756003E5E79B}.Release|Any CPU.Build.0 = Release|Any CPU
		{7DE74A0B-8EA4-4E48-857E-EB091826FF97}.Debug|Any CPU.ActiveCfg = Debug|Any CPU
		{7DE74A0B-8EA4-4E48-857E-EB091826FF97}.Debug|Any CPU.Build.0 = Debug|Any CPU
		{7DE74A0B-8EA4-4E48-857E-EB091826FF97}.Release|Any CPU.ActiveCfg = Release|Any CPU
		{7DE74A0B-8EA4-4E48-857E-EB091826FF97}.Release|Any CPU.Build.0 = Release|Any CPU
		{E15E8083-FF3C-4CAB-BC1F-BB7F4BF65875}.Debug|Any CPU.ActiveCfg = Debug|Any CPU
		{E15E8083-FF3C-4CAB-BC1F-BB7F4BF65875}.Debug|Any CPU.Build.0 = Debug|Any CPU
		{E15E8083-FF3C-4CAB-BC1F-BB7F4BF65875}.Release|Any CPU.ActiveCfg = Release|Any CPU
		{E15E8083-FF3C-4CAB-BC1F-BB7F4BF65875}.Release|Any CPU.Build.0 = Release|Any CPU
		{B582604E-9FDE-4C86-9BD6-0BDA497EC9A8}.Debug|Any CPU.ActiveCfg = Debug|Any CPU
		{B582604E-9FDE-4C86-9BD6-0BDA497EC9A8}.Debug|Any CPU.Build.0 = Debug|Any CPU
		{B582604E-9FDE-4C86-9BD6-0BDA497EC9A8}.Release|Any CPU.ActiveCfg = Release|Any CPU
		{B582604E-9FDE-4C86-9BD6-0BDA497EC9A8}.Release|Any CPU.Build.0 = Release|Any CPU
		{452EAF34-765A-4E5A-9B35-B9BB217F6C3C}.Debug|Any CPU.ActiveCfg = Debug|Any CPU
		{452EAF34-765A-4E5A-9B35-B9BB217F6C3C}.Debug|Any CPU.Build.0 = Debug|Any CPU
		{452EAF34-765A-4E5A-9B35-B9BB217F6C3C}.Release|Any CPU.ActiveCfg = Release|Any CPU
		{452EAF34-765A-4E5A-9B35-B9BB217F6C3C}.Release|Any CPU.Build.0 = Release|Any CPU
		{59272140-AC0E-4206-A358-C96788039DDE}.Debug|Any CPU.ActiveCfg = Debug|Any CPU
		{59272140-AC0E-4206-A358-C96788039DDE}.Debug|Any CPU.Build.0 = Debug|Any CPU
		{59272140-AC0E-4206-A358-C96788039DDE}.Release|Any CPU.ActiveCfg = Release|Any CPU
		{59272140-AC0E-4206-A358-C96788039DDE}.Release|Any CPU.Build.0 = Release|Any CPU
		{B932EBAA-1A59-436F-98F2-BF79A66F3707}.Debug|Any CPU.ActiveCfg = Debug|Any CPU
		{B932EBAA-1A59-436F-98F2-BF79A66F3707}.Debug|Any CPU.Build.0 = Debug|Any CPU
		{B932EBAA-1A59-436F-98F2-BF79A66F3707}.Release|Any CPU.ActiveCfg = Release|Any CPU
		{B932EBAA-1A59-436F-98F2-BF79A66F3707}.Release|Any CPU.Build.0 = Release|Any CPU
	EndGlobalSection
	GlobalSection(SolutionProperties) = preSolution
		HideSolutionNode = FALSE
	EndGlobalSection
	GlobalSection(ExtensibilityGlobals) = postSolution
		SolutionGuid = {B6BB9BDC-A986-4B38-82AE-854AB681631B}
	EndGlobalSection
EndGlobal
