
Microsoft Visual Studio Solution File, Format Version 12.00
# Visual Studio Version 17
VisualStudioVersion = 17.1.32421.90
MinimumVisualStudioVersion = 10.0.40219.1
Project("{2150E333-8FDC-42A3-9474-1A3956D46DE8}") = "Frontend", "Frontend", "{49B2320D-2888-48D2-86ED-6C6440C92FF0}"
EndProject
Project("{2150E333-8FDC-42A3-9474-1A3956D46DE8}") = "Backend", "Backend", "{9226D2BC-97AE-4479-898C-1F25814AC0EE}"
EndProject
Project("{2150E333-8FDC-42A3-9474-1A3956D46DE8}") = "Shared", "Shared", "{885DC99D-88AA-453E-A6AA-2C4A81D1EFD4}"
EndProject
Project("{2150E333-8FDC-42A3-9474-1A3956D46DE8}") = "Other", "Other", "{CE980746-12A0-479B-950E-F0C262C0B606}"
	ProjectSection(SolutionItems) = preProject
		.gitignore = .gitignore
	EndProjectSection
EndProject
Project("{9A19103F-16F7-4668-BE54-9A1E7A4F7556}") = "EY4J5D_HFT_2021221.Client", "EY4J5D_HFT_2021221.Client\EY4J5D_HFT_2021221.Client.csproj", "{042BF037-2212-48E6-AAB9-C335316CBAD2}"
EndProject
Project("{9A19103F-16F7-4668-BE54-9A1E7A4F7556}") = "EY4J5D_HFT_2021221.Data", "EY4J5D_HFT_2021221.Data\EY4J5D_HFT_2021221.Data.csproj", "{C2798F0A-4D9F-4F26-86DD-F65EE8B2B1F1}"
EndProject
Project("{9A19103F-16F7-4668-BE54-9A1E7A4F7556}") = "EY4J5D_HFT_2021221.Endpoint", "EY4J5D_HFT_2021221.Endpoint\EY4J5D_HFT_2021221.Endpoint.csproj", "{4C2EB82A-C48C-495D-B13F-BC46BD1B4D71}"
EndProject
Project("{9A19103F-16F7-4668-BE54-9A1E7A4F7556}") = "EY4J5D_HFT_2021221.Logic", "EY4J5D_HFT_2021221.Logic\EY4J5D_HFT_2021221.Logic.csproj", "{965476AD-D336-49E2-BDE6-8700226E386C}"
EndProject
Project("{9A19103F-16F7-4668-BE54-9A1E7A4F7556}") = "EY4J5D_HFT_2021221.Models", "EY4J5D_HFT_2021221.Models\EY4J5D_HFT_2021221.Models.csproj", "{028E68BC-975A-454B-A83E-53B820E34A2B}"
EndProject
Project("{9A19103F-16F7-4668-BE54-9A1E7A4F7556}") = "EY4J5D_HFT_2021221.Repository", "EY4J5D_HFT_2021221.Repository\EY4J5D_HFT_2021221.Repository.csproj", "{617DBE19-BFE6-419D-B5E1-237202C5A596}"
EndProject
Project("{9A19103F-16F7-4668-BE54-9A1E7A4F7556}") = "EY4J5D_HFT_2021221.Test", "EY4J5D_HFT_2021221.Test\EY4J5D_HFT_2021221.Test.csproj", "{6795A270-A927-4597-8E87-FBBF2EC21F39}"
EndProject
Project("{FAE04EC0-301F-11D3-BF4B-00C04F79EFBC}") = "EY4J5D_HFT_2021221.WpfClient", "EY4J5D_HFT_2021221.WpfClient\EY4J5D_HFT_2021221.WpfClient.csproj", "{8836A50F-E6C7-47F4-AD9A-568F6C0B855C}"
EndProject
Project("{FAE04EC0-301F-11D3-BF4B-00C04F79EFBC}") = "EY4J5D_HFT_2021221.JSClient", "EY4J5D_HFT_2021221.JSClient\EY4J5D_HFT_2021221.JSClient.csproj", "{723EA643-7921-4531-9230-17C4726339D9}"
EndProject
Global
	GlobalSection(SolutionConfigurationPlatforms) = preSolution
		Debug|Any CPU = Debug|Any CPU
		Debug|x86 = Debug|x86
		Release|Any CPU = Release|Any CPU
		Release|x86 = Release|x86
	EndGlobalSection
	GlobalSection(ProjectConfigurationPlatforms) = postSolution
		{042BF037-2212-48E6-AAB9-C335316CBAD2}.Debug|Any CPU.ActiveCfg = Debug|Any CPU
		{042BF037-2212-48E6-AAB9-C335316CBAD2}.Debug|Any CPU.Build.0 = Debug|Any CPU
		{042BF037-2212-48E6-AAB9-C335316CBAD2}.Debug|x86.ActiveCfg = Debug|x86
		{042BF037-2212-48E6-AAB9-C335316CBAD2}.Debug|x86.Build.0 = Debug|x86
		{042BF037-2212-48E6-AAB9-C335316CBAD2}.Release|Any CPU.ActiveCfg = Release|Any CPU
		{042BF037-2212-48E6-AAB9-C335316CBAD2}.Release|Any CPU.Build.0 = Release|Any CPU
		{042BF037-2212-48E6-AAB9-C335316CBAD2}.Release|x86.ActiveCfg = Release|x86
		{042BF037-2212-48E6-AAB9-C335316CBAD2}.Release|x86.Build.0 = Release|x86
		{C2798F0A-4D9F-4F26-86DD-F65EE8B2B1F1}.Debug|Any CPU.ActiveCfg = Debug|Any CPU
		{C2798F0A-4D9F-4F26-86DD-F65EE8B2B1F1}.Debug|Any CPU.Build.0 = Debug|Any CPU
		{C2798F0A-4D9F-4F26-86DD-F65EE8B2B1F1}.Debug|x86.ActiveCfg = Debug|x86
		{C2798F0A-4D9F-4F26-86DD-F65EE8B2B1F1}.Debug|x86.Build.0 = Debug|x86
		{C2798F0A-4D9F-4F26-86DD-F65EE8B2B1F1}.Release|Any CPU.ActiveCfg = Release|Any CPU
		{C2798F0A-4D9F-4F26-86DD-F65EE8B2B1F1}.Release|Any CPU.Build.0 = Release|Any CPU
		{C2798F0A-4D9F-4F26-86DD-F65EE8B2B1F1}.Release|x86.ActiveCfg = Release|x86
		{C2798F0A-4D9F-4F26-86DD-F65EE8B2B1F1}.Release|x86.Build.0 = Release|x86
		{4C2EB82A-C48C-495D-B13F-BC46BD1B4D71}.Debug|Any CPU.ActiveCfg = Debug|Any CPU
		{4C2EB82A-C48C-495D-B13F-BC46BD1B4D71}.Debug|Any CPU.Build.0 = Debug|Any CPU
		{4C2EB82A-C48C-495D-B13F-BC46BD1B4D71}.Debug|x86.ActiveCfg = Debug|x86
		{4C2EB82A-C48C-495D-B13F-BC46BD1B4D71}.Debug|x86.Build.0 = Debug|x86
		{4C2EB82A-C48C-495D-B13F-BC46BD1B4D71}.Release|Any CPU.ActiveCfg = Release|Any CPU
		{4C2EB82A-C48C-495D-B13F-BC46BD1B4D71}.Release|Any CPU.Build.0 = Release|Any CPU
		{4C2EB82A-C48C-495D-B13F-BC46BD1B4D71}.Release|x86.ActiveCfg = Release|x86
		{4C2EB82A-C48C-495D-B13F-BC46BD1B4D71}.Release|x86.Build.0 = Release|x86
		{965476AD-D336-49E2-BDE6-8700226E386C}.Debug|Any CPU.ActiveCfg = Debug|Any CPU
		{965476AD-D336-49E2-BDE6-8700226E386C}.Debug|Any CPU.Build.0 = Debug|Any CPU
		{965476AD-D336-49E2-BDE6-8700226E386C}.Debug|x86.ActiveCfg = Debug|x86
		{965476AD-D336-49E2-BDE6-8700226E386C}.Debug|x86.Build.0 = Debug|x86
		{965476AD-D336-49E2-BDE6-8700226E386C}.Release|Any CPU.ActiveCfg = Release|Any CPU
		{965476AD-D336-49E2-BDE6-8700226E386C}.Release|Any CPU.Build.0 = Release|Any CPU
		{965476AD-D336-49E2-BDE6-8700226E386C}.Release|x86.ActiveCfg = Release|x86
		{965476AD-D336-49E2-BDE6-8700226E386C}.Release|x86.Build.0 = Release|x86
		{028E68BC-975A-454B-A83E-53B820E34A2B}.Debug|Any CPU.ActiveCfg = Debug|Any CPU
		{028E68BC-975A-454B-A83E-53B820E34A2B}.Debug|Any CPU.Build.0 = Debug|Any CPU
		{028E68BC-975A-454B-A83E-53B820E34A2B}.Debug|x86.ActiveCfg = Debug|x86
		{028E68BC-975A-454B-A83E-53B820E34A2B}.Debug|x86.Build.0 = Debug|x86
		{028E68BC-975A-454B-A83E-53B820E34A2B}.Release|Any CPU.ActiveCfg = Release|Any CPU
		{028E68BC-975A-454B-A83E-53B820E34A2B}.Release|Any CPU.Build.0 = Release|Any CPU
		{028E68BC-975A-454B-A83E-53B820E34A2B}.Release|x86.ActiveCfg = Release|x86
		{028E68BC-975A-454B-A83E-53B820E34A2B}.Release|x86.Build.0 = Release|x86
		{617DBE19-BFE6-419D-B5E1-237202C5A596}.Debug|Any CPU.ActiveCfg = Debug|Any CPU
		{617DBE19-BFE6-419D-B5E1-237202C5A596}.Debug|Any CPU.Build.0 = Debug|Any CPU
		{617DBE19-BFE6-419D-B5E1-237202C5A596}.Debug|x86.ActiveCfg = Debug|x86
		{617DBE19-BFE6-419D-B5E1-237202C5A596}.Debug|x86.Build.0 = Debug|x86
		{617DBE19-BFE6-419D-B5E1-237202C5A596}.Release|Any CPU.ActiveCfg = Release|Any CPU
		{617DBE19-BFE6-419D-B5E1-237202C5A596}.Release|Any CPU.Build.0 = Release|Any CPU
		{617DBE19-BFE6-419D-B5E1-237202C5A596}.Release|x86.ActiveCfg = Release|x86
		{617DBE19-BFE6-419D-B5E1-237202C5A596}.Release|x86.Build.0 = Release|x86
		{6795A270-A927-4597-8E87-FBBF2EC21F39}.Debug|Any CPU.ActiveCfg = Debug|Any CPU
		{6795A270-A927-4597-8E87-FBBF2EC21F39}.Debug|Any CPU.Build.0 = Debug|Any CPU
		{6795A270-A927-4597-8E87-FBBF2EC21F39}.Debug|x86.ActiveCfg = Debug|x86
		{6795A270-A927-4597-8E87-FBBF2EC21F39}.Debug|x86.Build.0 = Debug|x86
		{6795A270-A927-4597-8E87-FBBF2EC21F39}.Release|Any CPU.ActiveCfg = Release|Any CPU
		{6795A270-A927-4597-8E87-FBBF2EC21F39}.Release|Any CPU.Build.0 = Release|Any CPU
		{6795A270-A927-4597-8E87-FBBF2EC21F39}.Release|x86.ActiveCfg = Release|x86
		{6795A270-A927-4597-8E87-FBBF2EC21F39}.Release|x86.Build.0 = Release|x86
		{8836A50F-E6C7-47F4-AD9A-568F6C0B855C}.Debug|Any CPU.ActiveCfg = Debug|Any CPU
		{8836A50F-E6C7-47F4-AD9A-568F6C0B855C}.Debug|Any CPU.Build.0 = Debug|Any CPU
		{8836A50F-E6C7-47F4-AD9A-568F6C0B855C}.Debug|x86.ActiveCfg = Debug|Any CPU
		{8836A50F-E6C7-47F4-AD9A-568F6C0B855C}.Debug|x86.Build.0 = Debug|Any CPU
		{8836A50F-E6C7-47F4-AD9A-568F6C0B855C}.Release|Any CPU.ActiveCfg = Release|Any CPU
		{8836A50F-E6C7-47F4-AD9A-568F6C0B855C}.Release|Any CPU.Build.0 = Release|Any CPU
		{8836A50F-E6C7-47F4-AD9A-568F6C0B855C}.Release|x86.ActiveCfg = Release|Any CPU
		{8836A50F-E6C7-47F4-AD9A-568F6C0B855C}.Release|x86.Build.0 = Release|Any CPU
		{723EA643-7921-4531-9230-17C4726339D9}.Debug|Any CPU.ActiveCfg = Debug|Any CPU
		{723EA643-7921-4531-9230-17C4726339D9}.Debug|Any CPU.Build.0 = Debug|Any CPU
		{723EA643-7921-4531-9230-17C4726339D9}.Debug|x86.ActiveCfg = Debug|Any CPU
		{723EA643-7921-4531-9230-17C4726339D9}.Debug|x86.Build.0 = Debug|Any CPU
		{723EA643-7921-4531-9230-17C4726339D9}.Release|Any CPU.ActiveCfg = Release|Any CPU
		{723EA643-7921-4531-9230-17C4726339D9}.Release|Any CPU.Build.0 = Release|Any CPU
		{723EA643-7921-4531-9230-17C4726339D9}.Release|x86.ActiveCfg = Release|Any CPU
		{723EA643-7921-4531-9230-17C4726339D9}.Release|x86.Build.0 = Release|Any CPU
	EndGlobalSection
	GlobalSection(SolutionProperties) = preSolution
		HideSolutionNode = FALSE
	EndGlobalSection
	GlobalSection(NestedProjects) = preSolution
		{042BF037-2212-48E6-AAB9-C335316CBAD2} = {49B2320D-2888-48D2-86ED-6C6440C92FF0}
		{C2798F0A-4D9F-4F26-86DD-F65EE8B2B1F1} = {9226D2BC-97AE-4479-898C-1F25814AC0EE}
		{4C2EB82A-C48C-495D-B13F-BC46BD1B4D71} = {9226D2BC-97AE-4479-898C-1F25814AC0EE}
		{965476AD-D336-49E2-BDE6-8700226E386C} = {9226D2BC-97AE-4479-898C-1F25814AC0EE}
		{028E68BC-975A-454B-A83E-53B820E34A2B} = {885DC99D-88AA-453E-A6AA-2C4A81D1EFD4}
		{617DBE19-BFE6-419D-B5E1-237202C5A596} = {9226D2BC-97AE-4479-898C-1F25814AC0EE}
		{6795A270-A927-4597-8E87-FBBF2EC21F39} = {9226D2BC-97AE-4479-898C-1F25814AC0EE}
		{8836A50F-E6C7-47F4-AD9A-568F6C0B855C} = {49B2320D-2888-48D2-86ED-6C6440C92FF0}
		{723EA643-7921-4531-9230-17C4726339D9} = {49B2320D-2888-48D2-86ED-6C6440C92FF0}
	EndGlobalSection
	GlobalSection(ExtensibilityGlobals) = postSolution
		SolutionGuid = {B6BB9BDC-A986-4B38-82AE-854AB681631B}
	EndGlobalSection
EndGlobal
